
Microsoft Visual Studio Solution File, Format Version 11.00
# Visual Studio 2010
Project("{8BC9CEB8-8B4A-11D0-8D11-00A0C91BC942}") = "Sub_1513", "Sub_1513\Sub_1513.vcxproj", "{4E795039-0A7E-4D0E-868C-0D0566A4BB5A}"
EndProject
Project("{8BC9CEB8-8B4A-11D0-8D11-00A0C91BC942}") = "Sub_1517", "Sub_1517\Sub_1517.vcxproj", "{B8EFD30E-7088-42DF-BB80-B831B33E6CA2}"
EndProject
Project("{8BC9CEB8-8B4A-11D0-8D11-00A0C91BC942}") = "Sub_1387", "Sub_1387\Sub_1387.vcxproj", "{E9432E4D-2B5F-4F2F-BB4D-8F1994A83BBC}"
EndProject
Project("{8BC9CEB8-8B4A-11D0-8D11-00A0C91BC942}") = "Sub_1389", "Sub_1389\Sub_1389.vcxproj", "{A2221B6D-6E02-46AD-A64E-751A23BB6ED4}"
EndProject
Project("{8BC9CEB8-8B4A-11D0-8D11-00A0C91BC942}") = "Sub_1386", "Sub_1386\Sub_1386.vcxproj", "{50C45199-D3F3-446D-BDD8-988CE574BCEC}"
EndProject
Project("{8BC9CEB8-8B4A-11D0-8D11-00A0C91BC942}") = "Sub_1009", "Sub_1009\Sub_1009.vcxproj", "{B7D875D4-35F7-49BF-A3C9-B9D7E24CD302}"
EndProject
Project("{8BC9CEB8-8B4A-11D0-8D11-00A0C91BC942}") = "Sub_1011", "Sub_1011\Sub_1011.vcxproj", "{77F906EE-4BAA-4C92-8DD4-518D7525852E}"
EndProject
Project("{8BC9CEB8-8B4A-11D0-8D11-00A0C91BC942}") = "Sub_1046", "Sub_1046\Sub_1046.vcxproj", "{DD97206E-F0E1-4CB1-8B87-11287976C4B5}"
EndProject
Project("{8BC9CEB8-8B4A-11D0-8D11-00A0C91BC942}") = "Sub_1026", "Sub_1026\Sub_1026.vcxproj", "{8BE7F3CF-2876-4012-BEF9-9BE7C633BDEA}"
EndProject
Project("{8BC9CEB8-8B4A-11D0-8D11-00A0C91BC942}") = "Sub_1028", "Sub_1028\Sub_1028.vcxproj", "{F6AB1A48-F63D-4852-A299-5C1CB3CD1D09}"
EndProject
Project("{8BC9CEB8-8B4A-11D0-8D11-00A0C91BC942}") = "Sub_1001", "Sub_1001\Sub_1001.vcxproj", "{93F82003-67BF-43F0-B0A4-57974DB00467}"
EndProject
Project("{8BC9CEB8-8B4A-11D0-8D11-00A0C91BC942}") = "Sub_1044", "Sub_1044\Sub_1044.vcxproj", "{5853D071-2C34-4D11-8E00-25D9D69B18ED}"
EndProject
Project("{8BC9CEB8-8B4A-11D0-8D11-00A0C91BC942}") = "Sub_1037", "Sub_1037\Sub_1037.vcxproj", "{44BFA501-E706-4184-8BC5-4334E6A1DFCD}"
EndProject
Project("{8BC9CEB8-8B4A-11D0-8D11-00A0C91BC942}") = "Sub_1047", "Sub_1047\Sub_1047.vcxproj", "{707CCDAE-41D1-4E2A-B5FD-6C92DB35B955}"
EndProject
Project("{8BC9CEB8-8B4A-11D0-8D11-00A0C91BC942}") = "Sub_1050", "Sub_1050\Sub_1050.vcxproj", "{DCFCDB27-C67F-4CB6-A1A1-BD0B051D1E94}"
EndProject
Project("{8BC9CEB8-8B4A-11D0-8D11-00A0C91BC942}") = "Sub_1507", "Sub_1507\Sub_1507.vcxproj", "{AE6F5E32-9381-4AEE-99DC-C2C1C39E434A}"
EndProject
Project("{8BC9CEB8-8B4A-11D0-8D11-00A0C91BC942}") = "Sub_1349", "Sub_1349\Sub_1349.vcxproj", "{66418677-F8B3-42E5-9B8E-55C5306B8A71}"
EndProject
Project("{8BC9CEB8-8B4A-11D0-8D11-00A0C91BC942}") = "Sub_1352", "Sub_1352\Sub_1352.vcxproj", "{354BD98B-5973-4B1A-8ED8-9FA892FB7F8A}"
EndProject
Project("{8BC9CEB8-8B4A-11D0-8D11-00A0C91BC942}") = "Sub_1354", "Sub_1354\Sub_1354.vcxproj", "{52ACC820-9CAC-4CA6-BC1D-40B326D8EE4F}"
EndProject
Project("{8BC9CEB8-8B4A-11D0-8D11-00A0C91BC942}") = "Sub_1361", "Sub_1361\Sub_1361.vcxproj", "{60DCBB50-B1D5-4AA0-9684-40BD7F65984B}"
EndProject
Global
	GlobalSection(SolutionConfigurationPlatforms) = preSolution
		Debug|Win32 = Debug|Win32
		Release|Win32 = Release|Win32
	EndGlobalSection
	GlobalSection(ProjectConfigurationPlatforms) = postSolution
		{4E795039-0A7E-4D0E-868C-0D0566A4BB5A}.Debug|Win32.ActiveCfg = Debug|Win32
		{4E795039-0A7E-4D0E-868C-0D0566A4BB5A}.Debug|Win32.Build.0 = Debug|Win32
		{4E795039-0A7E-4D0E-868C-0D0566A4BB5A}.Release|Win32.ActiveCfg = Release|Win32
		{4E795039-0A7E-4D0E-868C-0D0566A4BB5A}.Release|Win32.Build.0 = Release|Win32
		{B8EFD30E-7088-42DF-BB80-B831B33E6CA2}.Debug|Win32.ActiveCfg = Debug|Win32
		{B8EFD30E-7088-42DF-BB80-B831B33E6CA2}.Debug|Win32.Build.0 = Debug|Win32
		{B8EFD30E-7088-42DF-BB80-B831B33E6CA2}.Release|Win32.ActiveCfg = Release|Win32
		{B8EFD30E-7088-42DF-BB80-B831B33E6CA2}.Release|Win32.Build.0 = Release|Win32
		{E9432E4D-2B5F-4F2F-BB4D-8F1994A83BBC}.Debug|Win32.ActiveCfg = Debug|Win32
		{E9432E4D-2B5F-4F2F-BB4D-8F1994A83BBC}.Debug|Win32.Build.0 = Debug|Win32
		{E9432E4D-2B5F-4F2F-BB4D-8F1994A83BBC}.Release|Win32.ActiveCfg = Release|Win32
		{E9432E4D-2B5F-4F2F-BB4D-8F1994A83BBC}.Release|Win32.Build.0 = Release|Win32
		{A2221B6D-6E02-46AD-A64E-751A23BB6ED4}.Debug|Win32.ActiveCfg = Debug|Win32
		{A2221B6D-6E02-46AD-A64E-751A23BB6ED4}.Debug|Win32.Build.0 = Debug|Win32
		{A2221B6D-6E02-46AD-A64E-751A23BB6ED4}.Release|Win32.ActiveCfg = Release|Win32
		{A2221B6D-6E02-46AD-A64E-751A23BB6ED4}.Release|Win32.Build.0 = Release|Win32
		{50C45199-D3F3-446D-BDD8-988CE574BCEC}.Debug|Win32.ActiveCfg = Debug|Win32
		{50C45199-D3F3-446D-BDD8-988CE574BCEC}.Debug|Win32.Build.0 = Debug|Win32
		{50C45199-D3F3-446D-BDD8-988CE574BCEC}.Release|Win32.ActiveCfg = Release|Win32
		{50C45199-D3F3-446D-BDD8-988CE574BCEC}.Release|Win32.Build.0 = Release|Win32
		{B7D875D4-35F7-49BF-A3C9-B9D7E24CD302}.Debug|Win32.ActiveCfg = Debug|Win32
		{B7D875D4-35F7-49BF-A3C9-B9D7E24CD302}.Debug|Win32.Build.0 = Debug|Win32
		{B7D875D4-35F7-49BF-A3C9-B9D7E24CD302}.Release|Win32.ActiveCfg = Release|Win32
		{B7D875D4-35F7-49BF-A3C9-B9D7E24CD302}.Release|Win32.Build.0 = Release|Win32
		{77F906EE-4BAA-4C92-8DD4-518D7525852E}.Debug|Win32.ActiveCfg = Debug|Win32
		{77F906EE-4BAA-4C92-8DD4-518D7525852E}.Debug|Win32.Build.0 = Debug|Win32
		{77F906EE-4BAA-4C92-8DD4-518D7525852E}.Release|Win32.ActiveCfg = Release|Win32
		{77F906EE-4BAA-4C92-8DD4-518D7525852E}.Release|Win32.Build.0 = Release|Win32
		{DD97206E-F0E1-4CB1-8B87-11287976C4B5}.Debug|Win32.ActiveCfg = Debug|Win32
		{DD97206E-F0E1-4CB1-8B87-11287976C4B5}.Debug|Win32.Build.0 = Debug|Win32
		{DD97206E-F0E1-4CB1-8B87-11287976C4B5}.Release|Win32.ActiveCfg = Release|Win32
		{DD97206E-F0E1-4CB1-8B87-11287976C4B5}.Release|Win32.Build.0 = Release|Win32
		{8BE7F3CF-2876-4012-BEF9-9BE7C633BDEA}.Debug|Win32.ActiveCfg = Debug|Win32
		{8BE7F3CF-2876-4012-BEF9-9BE7C633BDEA}.Debug|Win32.Build.0 = Debug|Win32
		{8BE7F3CF-2876-4012-BEF9-9BE7C633BDEA}.Release|Win32.ActiveCfg = Release|Win32
		{8BE7F3CF-2876-4012-BEF9-9BE7C633BDEA}.Release|Win32.Build.0 = Release|Win32
		{F6AB1A48-F63D-4852-A299-5C1CB3CD1D09}.Debug|Win32.ActiveCfg = Debug|Win32
		{F6AB1A48-F63D-4852-A299-5C1CB3CD1D09}.Debug|Win32.Build.0 = Debug|Win32
		{F6AB1A48-F63D-4852-A299-5C1CB3CD1D09}.Release|Win32.ActiveCfg = Release|Win32
		{F6AB1A48-F63D-4852-A299-5C1CB3CD1D09}.Release|Win32.Build.0 = Release|Win32
		{93F82003-67BF-43F0-B0A4-57974DB00467}.Debug|Win32.ActiveCfg = Debug|Win32
		{93F82003-67BF-43F0-B0A4-57974DB00467}.Debug|Win32.Build.0 = Debug|Win32
		{93F82003-67BF-43F0-B0A4-57974DB00467}.Release|Win32.ActiveCfg = Release|Win32
		{93F82003-67BF-43F0-B0A4-57974DB00467}.Release|Win32.Build.0 = Release|Win32
		{5853D071-2C34-4D11-8E00-25D9D69B18ED}.Debug|Win32.ActiveCfg = Debug|Win32
		{5853D071-2C34-4D11-8E00-25D9D69B18ED}.Debug|Win32.Build.0 = Debug|Win32
		{5853D071-2C34-4D11-8E00-25D9D69B18ED}.Release|Win32.ActiveCfg = Release|Win32
		{5853D071-2C34-4D11-8E00-25D9D69B18ED}.Release|Win32.Build.0 = Release|Win32
		{44BFA501-E706-4184-8BC5-4334E6A1DFCD}.Debug|Win32.ActiveCfg = Debug|Win32
		{44BFA501-E706-4184-8BC5-4334E6A1DFCD}.Debug|Win32.Build.0 = Debug|Win32
		{44BFA501-E706-4184-8BC5-4334E6A1DFCD}.Release|Win32.ActiveCfg = Release|Win32
		{44BFA501-E706-4184-8BC5-4334E6A1DFCD}.Release|Win32.Build.0 = Release|Win32
		{707CCDAE-41D1-4E2A-B5FD-6C92DB35B955}.Debug|Win32.ActiveCfg = Debug|Win32
		{707CCDAE-41D1-4E2A-B5FD-6C92DB35B955}.Debug|Win32.Build.0 = Debug|Win32
		{707CCDAE-41D1-4E2A-B5FD-6C92DB35B955}.Release|Win32.ActiveCfg = Release|Win32
		{707CCDAE-41D1-4E2A-B5FD-6C92DB35B955}.Release|Win32.Build.0 = Release|Win32
		{DCFCDB27-C67F-4CB6-A1A1-BD0B051D1E94}.Debug|Win32.ActiveCfg = Debug|Win32
		{DCFCDB27-C67F-4CB6-A1A1-BD0B051D1E94}.Debug|Win32.Build.0 = Debug|Win32
		{DCFCDB27-C67F-4CB6-A1A1-BD0B051D1E94}.Release|Win32.ActiveCfg = Release|Win32
		{DCFCDB27-C67F-4CB6-A1A1-BD0B051D1E94}.Release|Win32.Build.0 = Release|Win32
		{AE6F5E32-9381-4AEE-99DC-C2C1C39E434A}.Debug|Win32.ActiveCfg = Debug|Win32
		{AE6F5E32-9381-4AEE-99DC-C2C1C39E434A}.Debug|Win32.Build.0 = Debug|Win32
		{AE6F5E32-9381-4AEE-99DC-C2C1C39E434A}.Release|Win32.ActiveCfg = Release|Win32
		{AE6F5E32-9381-4AEE-99DC-C2C1C39E434A}.Release|Win32.Build.0 = Release|Win32
		{66418677-F8B3-42E5-9B8E-55C5306B8A71}.Debug|Win32.ActiveCfg = Debug|Win32
		{66418677-F8B3-42E5-9B8E-55C5306B8A71}.Debug|Win32.Build.0 = Debug|Win32
		{66418677-F8B3-42E5-9B8E-55C5306B8A71}.Release|Win32.ActiveCfg = Release|Win32
		{66418677-F8B3-42E5-9B8E-55C5306B8A71}.Release|Win32.Build.0 = Release|Win32
		{354BD98B-5973-4B1A-8ED8-9FA892FB7F8A}.Debug|Win32.ActiveCfg = Debug|Win32
		{354BD98B-5973-4B1A-8ED8-9FA892FB7F8A}.Debug|Win32.Build.0 = Debug|Win32
		{354BD98B-5973-4B1A-8ED8-9FA892FB7F8A}.Release|Win32.ActiveCfg = Release|Win32
		{354BD98B-5973-4B1A-8ED8-9FA892FB7F8A}.Release|Win32.Build.0 = Release|Win32
		{52ACC820-9CAC-4CA6-BC1D-40B326D8EE4F}.Debug|Win32.ActiveCfg = Debug|Win32
		{52ACC820-9CAC-4CA6-BC1D-40B326D8EE4F}.Debug|Win32.Build.0 = Debug|Win32
		{52ACC820-9CAC-4CA6-BC1D-40B326D8EE4F}.Release|Win32.ActiveCfg = Release|Win32
		{52ACC820-9CAC-4CA6-BC1D-40B326D8EE4F}.Release|Win32.Build.0 = Release|Win32
		{60DCBB50-B1D5-4AA0-9684-40BD7F65984B}.Debug|Win32.ActiveCfg = Debug|Win32
		{60DCBB50-B1D5-4AA0-9684-40BD7F65984B}.Debug|Win32.Build.0 = Debug|Win32
		{60DCBB50-B1D5-4AA0-9684-40BD7F65984B}.Release|Win32.ActiveCfg = Release|Win32
		{60DCBB50-B1D5-4AA0-9684-40BD7F65984B}.Release|Win32.Build.0 = Release|Win32
	EndGlobalSection
	GlobalSection(SolutionProperties) = preSolution
		HideSolutionNode = FALSE
	EndGlobalSection
EndGlobal
